// !$*UTF8*$!
{
	archiveVersion = 1;
	classes = {
	};
	objectVersion = 46;
	objects = {

/* Begin PBXBuildFile section */
		EE0F26091C57C25E00A6519C /* ZLSwiftRefresh.framework in Frameworks */ = {isa = PBXBuildFile; fileRef = EE1BC68A1C5794A700FD4718 /* ZLSwiftRefresh.framework */; };
		EE0F260A1C57C25E00A6519C /* ZLSwiftRefresh.framework in Embed Frameworks */ = {isa = PBXBuildFile; fileRef = EE1BC68A1C5794A700FD4718 /* ZLSwiftRefresh.framework */; settings = {ATTRIBUTES = (CodeSignOnCopy, RemoveHeadersOnCopy, ); }; };
		EE19E5BC1C507C0D00A40B2E /* FrameModel.swift in Sources */ = {isa = PBXBuildFile; fileRef = EE19E5BB1C507C0D00A40B2E /* FrameModel.swift */; };
		EE19E5C01C50B2B000A40B2E /* YUStatusCell.swift in Sources */ = {isa = PBXBuildFile; fileRef = EE19E5BF1C50B2B000A40B2E /* YUStatusCell.swift */; };
		EE1FA7DD1C4D1660009B7C30 /* YUNewFeatureController.swift in Sources */ = {isa = PBXBuildFile; fileRef = EE1FA7DC1C4D1660009B7C30 /* YUNewFeatureController.swift */; };
		EE22002C1C5201780021FFE1 /* YUStatusToolbar.swift in Sources */ = {isa = PBXBuildFile; fileRef = EE22002B1C5201780021FFE1 /* YUStatusToolbar.swift */; };
		EE2200381C5257950021FFE1 /* YUStatusTopView.swift in Sources */ = {isa = PBXBuildFile; fileRef = EE2200371C5257950021FFE1 /* YUStatusTopView.swift */; };
		EE26EF711C5B2B0F0063C6A6 /* YUTextView.swift in Sources */ = {isa = PBXBuildFile; fileRef = EE26EF701C5B2B0F0063C6A6 /* YUTextView.swift */; };
		EE26EF7E1C5B33060063C6A6 /* YUComposeViewController.swift in Sources */ = {isa = PBXBuildFile; fileRef = EE26EF7D1C5B33060063C6A6 /* YUComposeViewController.swift */; };
		EE26EF851C5B41CE0063C6A6 /* MBProgressHUD+MJ.m in Sources */ = {isa = PBXBuildFile; fileRef = EE26EF811C5B41CE0063C6A6 /* MBProgressHUD+MJ.m */; };
		EE26EF861C5B41CE0063C6A6 /* MBProgressHUD.bundle in Resources */ = {isa = PBXBuildFile; fileRef = EE26EF821C5B41CE0063C6A6 /* MBProgressHUD.bundle */; };
		EE26EF871C5B41CE0063C6A6 /* MBProgressHUD.m in Sources */ = {isa = PBXBuildFile; fileRef = EE26EF841C5B41CE0063C6A6 /* MBProgressHUD.m */; };
		EE26EFA61C5B46890063C6A6 /* MJPhoto.m in Sources */ = {isa = PBXBuildFile; fileRef = EE26EF981C5B46890063C6A6 /* MJPhoto.m */; };
		EE26EFA71C5B46890063C6A6 /* MJPhotoBrowser.bundle in Resources */ = {isa = PBXBuildFile; fileRef = EE26EF991C5B46890063C6A6 /* MJPhotoBrowser.bundle */; };
		EE26EFA81C5B46890063C6A6 /* MJPhotoBrowser.m in Sources */ = {isa = PBXBuildFile; fileRef = EE26EF9B1C5B46890063C6A6 /* MJPhotoBrowser.m */; };
		EE26EFA91C5B46890063C6A6 /* MJPhotoLoadingView.m in Sources */ = {isa = PBXBuildFile; fileRef = EE26EF9D1C5B46890063C6A6 /* MJPhotoLoadingView.m */; };
		EE26EFAA1C5B46890063C6A6 /* MJPhotoProgressView.m in Sources */ = {isa = PBXBuildFile; fileRef = EE26EF9F1C5B46890063C6A6 /* MJPhotoProgressView.m */; };
		EE26EFAB1C5B46890063C6A6 /* MJPhotoToolbar.m in Sources */ = {isa = PBXBuildFile; fileRef = EE26EFA11C5B46890063C6A6 /* MJPhotoToolbar.m */; };
		EE26EFAC1C5B46890063C6A6 /* MJPhotoView.m in Sources */ = {isa = PBXBuildFile; fileRef = EE26EFA31C5B46890063C6A6 /* MJPhotoView.m */; };
		EE26EFAD1C5B46890063C6A6 /* SDWebImageManager+MJ.m in Sources */ = {isa = PBXBuildFile; fileRef = EE26EFA51C5B46890063C6A6 /* SDWebImageManager+MJ.m */; };
		EE26EFAF1C5B48E60063C6A6 /* YUPhotoView.swift in Sources */ = {isa = PBXBuildFile; fileRef = EE26EFAE1C5B48E60063C6A6 /* YUPhotoView.swift */; };
		EE26EFD21C5B516B0063C6A6 /* MKAnnotationView+WebCache.m in Sources */ = {isa = PBXBuildFile; fileRef = EE26EFB21C5B516B0063C6A6 /* MKAnnotationView+WebCache.m */; };
		EE26EFD31C5B516B0063C6A6 /* NSData+ImageContentType.m in Sources */ = {isa = PBXBuildFile; fileRef = EE26EFB41C5B516B0063C6A6 /* NSData+ImageContentType.m */; };
		EE26EFD41C5B516B0063C6A6 /* SDImageCache.m in Sources */ = {isa = PBXBuildFile; fileRef = EE26EFB61C5B516B0063C6A6 /* SDImageCache.m */; };
		EE26EFD51C5B516B0063C6A6 /* SDWebImageCompat.m in Sources */ = {isa = PBXBuildFile; fileRef = EE26EFB81C5B516B0063C6A6 /* SDWebImageCompat.m */; };
		EE26EFD61C5B516B0063C6A6 /* SDWebImageDecoder.m in Sources */ = {isa = PBXBuildFile; fileRef = EE26EFBA1C5B516B0063C6A6 /* SDWebImageDecoder.m */; };
		EE26EFD71C5B516B0063C6A6 /* SDWebImageDownloader.m in Sources */ = {isa = PBXBuildFile; fileRef = EE26EFBC1C5B516B0063C6A6 /* SDWebImageDownloader.m */; };
		EE26EFD81C5B516B0063C6A6 /* SDWebImageDownloaderOperation.m in Sources */ = {isa = PBXBuildFile; fileRef = EE26EFBE1C5B516B0063C6A6 /* SDWebImageDownloaderOperation.m */; };
		EE26EFD91C5B516B0063C6A6 /* SDWebImageManager.m in Sources */ = {isa = PBXBuildFile; fileRef = EE26EFC01C5B516B0063C6A6 /* SDWebImageManager.m */; };
		EE26EFDA1C5B516B0063C6A6 /* SDWebImagePrefetcher.m in Sources */ = {isa = PBXBuildFile; fileRef = EE26EFC31C5B516B0063C6A6 /* SDWebImagePrefetcher.m */; };
		EE26EFDB1C5B516B0063C6A6 /* UIButton+WebCache.m in Sources */ = {isa = PBXBuildFile; fileRef = EE26EFC51C5B516B0063C6A6 /* UIButton+WebCache.m */; };
		EE26EFDC1C5B516B0063C6A6 /* UIImage+GIF.m in Sources */ = {isa = PBXBuildFile; fileRef = EE26EFC71C5B516B0063C6A6 /* UIImage+GIF.m */; };
		EE26EFDD1C5B516B0063C6A6 /* UIImage+MultiFormat.m in Sources */ = {isa = PBXBuildFile; fileRef = EE26EFC91C5B516B0063C6A6 /* UIImage+MultiFormat.m */; };
		EE26EFDE1C5B516B0063C6A6 /* UIImage+WebP.m in Sources */ = {isa = PBXBuildFile; fileRef = EE26EFCB1C5B516B0063C6A6 /* UIImage+WebP.m */; };
		EE26EFDF1C5B516B0063C6A6 /* UIImageView+HighlightedWebCache.m in Sources */ = {isa = PBXBuildFile; fileRef = EE26EFCD1C5B516B0063C6A6 /* UIImageView+HighlightedWebCache.m */; };
		EE26EFE01C5B516B0063C6A6 /* UIImageView+WebCache.m in Sources */ = {isa = PBXBuildFile; fileRef = EE26EFCF1C5B516B0063C6A6 /* UIImageView+WebCache.m */; };
		EE26EFE11C5B516B0063C6A6 /* UIView+WebCacheOperation.m in Sources */ = {isa = PBXBuildFile; fileRef = EE26EFD11C5B516B0063C6A6 /* UIView+WebCacheOperation.m */; };
		EE29EEA41C4B643200CA667F /* AppDelegate.swift in Sources */ = {isa = PBXBuildFile; fileRef = EE29EEA31C4B643200CA667F /* AppDelegate.swift */; };
		EE29EEAB1C4B643200CA667F /* Assets.xcassets in Resources */ = {isa = PBXBuildFile; fileRef = EE29EEAA1C4B643200CA667F /* Assets.xcassets */; };
		EE29EEAE1C4B643200CA667F /* LaunchScreen.storyboard in Resources */ = {isa = PBXBuildFile; fileRef = EE29EEAC1C4B643200CA667F /* LaunchScreen.storyboard */; };
		EE29EEB91C4B643200CA667F /* Yu3Weibo_SwiftTests.swift in Sources */ = {isa = PBXBuildFile; fileRef = EE29EEB81C4B643200CA667F /* Yu3Weibo_SwiftTests.swift */; };
		EE29EEC41C4B643200CA667F /* Yu3Weibo_SwiftUITests.swift in Sources */ = {isa = PBXBuildFile; fileRef = EE29EEC31C4B643200CA667F /* Yu3Weibo_SwiftUITests.swift */; };
		EE29EED61C4B658E00CA667F /* YUTabBarViewController.swift in Sources */ = {isa = PBXBuildFile; fileRef = EE29EED51C4B658E00CA667F /* YUTabBarViewController.swift */; };
		EE29EED81C4B676D00CA667F /* YUTabBar.swift in Sources */ = {isa = PBXBuildFile; fileRef = EE29EED71C4B676D00CA667F /* YUTabBar.swift */; };
		EE29EEDB1C4B69D700CA667F /* YUTabBarButton.swift in Sources */ = {isa = PBXBuildFile; fileRef = EE29EEDA1C4B69D700CA667F /* YUTabBarButton.swift */; };
		EE29EEDD1C4B70A200CA667F /* YUBadgeButton.swift in Sources */ = {isa = PBXBuildFile; fileRef = EE29EEDC1C4B70A200CA667F /* YUBadgeButton.swift */; };
		EE29EEE11C4B81AF00CA667F /* YUHomeViewController.swift in Sources */ = {isa = PBXBuildFile; fileRef = EE29EEE01C4B81AF00CA667F /* YUHomeViewController.swift */; };
		EE29EEE51C4B81E200CA667F /* YUMessageViewController.swift in Sources */ = {isa = PBXBuildFile; fileRef = EE29EEE41C4B81E200CA667F /* YUMessageViewController.swift */; };
		EE29EEE91C4B822C00CA667F /* YUDiscoverViewController.swift in Sources */ = {isa = PBXBuildFile; fileRef = EE29EEE81C4B822C00CA667F /* YUDiscoverViewController.swift */; };
		EE29EEED1C4B825A00CA667F /* YUMeViewController.swift in Sources */ = {isa = PBXBuildFile; fileRef = EE29EEEC1C4B825A00CA667F /* YUMeViewController.swift */; };
		EE2AAA6C1C54773C00EEE796 /* YUPhotoListView.swift in Sources */ = {isa = PBXBuildFile; fileRef = EE2AAA6B1C54773C00EEE796 /* YUPhotoListView.swift */; };
		EE35A1E71C4CF07500B721BA /* YUNavigationController.swift in Sources */ = {isa = PBXBuildFile; fileRef = EE35A1E61C4CF07500B721BA /* YUNavigationController.swift */; };
		EE35A1EA1C4D076300B721BA /* YUTitleButton.swift in Sources */ = {isa = PBXBuildFile; fileRef = EE35A1E91C4D076300B721BA /* YUTitleButton.swift */; };
		EE6056881C4E6CF60089A04C /* Alamofire.framework in Frameworks */ = {isa = PBXBuildFile; fileRef = EEF0B35F1C4E6C93000BD306 /* Alamofire.framework */; };
		EE6056891C4E6CF60089A04C /* Alamofire.framework in Embed Frameworks */ = {isa = PBXBuildFile; fileRef = EEF0B35F1C4E6C93000BD306 /* Alamofire.framework */; settings = {ATTRIBUTES = (CodeSignOnCopy, RemoveHeadersOnCopy, ); }; };
		EE6056DE1C4E77020089A04C /* DataModel.swift in Sources */ = {isa = PBXBuildFile; fileRef = EE6056DD1C4E77020089A04C /* DataModel.swift */; };
		EE6056E01C4E7D500089A04C /* Tool.swift in Sources */ = {isa = PBXBuildFile; fileRef = EE6056DF1C4E7D500089A04C /* Tool.swift */; };
		EE61C51B1C58B8AB00ABD45A /* Constants.swift in Sources */ = {isa = PBXBuildFile; fileRef = EE61C51A1C58B8AB00ABD45A /* Constants.swift */; };
		EEE780801C4F7BA900C4D905 /* Kingfisher.framework in Frameworks */ = {isa = PBXBuildFile; fileRef = EEE780791C4F7B9400C4D905 /* Kingfisher.framework */; };
		EEE780811C4F7BA900C4D905 /* Kingfisher.framework in Embed Frameworks */ = {isa = PBXBuildFile; fileRef = EEE780791C4F7B9400C4D905 /* Kingfisher.framework */; settings = {ATTRIBUTES = (CodeSignOnCopy, RemoveHeadersOnCopy, ); }; };
		EEE780851C4F7DF400C4D905 /* Extensions.swift in Sources */ = {isa = PBXBuildFile; fileRef = EEE780841C4F7DF400C4D905 /* Extensions.swift */; };
		EEF0B3521C4E64AA000BD306 /* YUOAuthViewController.swift in Sources */ = {isa = PBXBuildFile; fileRef = EEF0B3511C4E64AA000BD306 /* YUOAuthViewController.swift */; };
/* End PBXBuildFile section */

/* Begin PBXContainerItemProxy section */
		EE0F260B1C57C25E00A6519C /* PBXContainerItemProxy */ = {
			isa = PBXContainerItemProxy;
			containerPortal = EE1BC67A1C5794A700FD4718 /* ZLSwiftRefresh.xcodeproj */;
			proxyType = 1;
			remoteGlobalIDString = CD30DF941BC8CC180042F0B6;
			remoteInfo = ZLSwiftRefresh;
		};
		EE1BC6891C5794A700FD4718 /* PBXContainerItemProxy */ = {
			isa = PBXContainerItemProxy;
			containerPortal = EE1BC67A1C5794A700FD4718 /* ZLSwiftRefresh.xcodeproj */;
			proxyType = 2;
			remoteGlobalIDString = CD30DF951BC8CC180042F0B6;
			remoteInfo = ZLSwiftRefresh;
		};
		EE1BC68B1C5794A700FD4718 /* PBXContainerItemProxy */ = {
			isa = PBXContainerItemProxy;
			containerPortal = EE1BC67A1C5794A700FD4718 /* ZLSwiftRefresh.xcodeproj */;
			proxyType = 2;
			remoteGlobalIDString = CD30DF9F1BC8CC180042F0B6;
			remoteInfo = ZLSwiftRefreshTests;
		};
		EE29EEB51C4B643200CA667F /* PBXContainerItemProxy */ = {
			isa = PBXContainerItemProxy;
			containerPortal = EE29EE981C4B643200CA667F /* Project object */;
			proxyType = 1;
			remoteGlobalIDString = EE29EE9F1C4B643200CA667F;
			remoteInfo = "Yu3Weibo-Swift";
		};
		EE29EEC01C4B643200CA667F /* PBXContainerItemProxy */ = {
			isa = PBXContainerItemProxy;
			containerPortal = EE29EE981C4B643200CA667F /* Project object */;
			proxyType = 1;
			remoteGlobalIDString = EE29EE9F1C4B643200CA667F;
			remoteInfo = "Yu3Weibo-Swift";
		};
		EE60568A1C4E6CF60089A04C /* PBXContainerItemProxy */ = {
			isa = PBXContainerItemProxy;
			containerPortal = EEF0B3541C4E6C93000BD306 /* Alamofire.xcodeproj */;
			proxyType = 1;
			remoteGlobalIDString = F8111E3219A95C8B0040E7D1;
			remoteInfo = "Alamofire iOS";
		};
		EEE780761C4F7B9400C4D905 /* PBXContainerItemProxy */ = {
			isa = PBXContainerItemProxy;
			containerPortal = EEE7806E1C4F7B9300C4D905 /* Kingfisher.xcodeproj */;
			proxyType = 2;
			remoteGlobalIDString = D1ED2D0B1AD2CFA600CFC3EB;
			remoteInfo = "Kingfisher-Demo";
		};
		EEE780781C4F7B9400C4D905 /* PBXContainerItemProxy */ = {
			isa = PBXContainerItemProxy;
			containerPortal = EEE7806E1C4F7B9300C4D905 /* Kingfisher.xcodeproj */;
			proxyType = 2;
			remoteGlobalIDString = D1ED2D351AD2D09F00CFC3EB;
			remoteInfo = Kingfisher;
		};
		EEE7807A1C4F7B9400C4D905 /* PBXContainerItemProxy */ = {
			isa = PBXContainerItemProxy;
			containerPortal = EEE7806E1C4F7B9300C4D905 /* Kingfisher.xcodeproj */;
			proxyType = 2;
			remoteGlobalIDString = D1ED2D3F1AD2D09F00CFC3EB;
			remoteInfo = KingfisherTests;
		};
		EEE7807C1C4F7B9400C4D905 /* PBXContainerItemProxy */ = {
			isa = PBXContainerItemProxy;
			containerPortal = EEE7806E1C4F7B9300C4D905 /* Kingfisher.xcodeproj */;
			proxyType = 2;
			remoteGlobalIDString = D13F49C21BEDA53F00CE335D;
			remoteInfo = "Kingfisher-tvOS-Demo";
		};
		EEE7807E1C4F7B9400C4D905 /* PBXContainerItemProxy */ = {
			isa = PBXContainerItemProxy;
			containerPortal = EEE7806E1C4F7B9300C4D905 /* Kingfisher.xcodeproj */;
			proxyType = 2;
			remoteGlobalIDString = D13F49D61BEDA67C00CE335D;
			remoteInfo = "Kingfisher-tvOS";
		};
		EEE780821C4F7BA900C4D905 /* PBXContainerItemProxy */ = {
			isa = PBXContainerItemProxy;
			containerPortal = EEE7806E1C4F7B9300C4D905 /* Kingfisher.xcodeproj */;
			proxyType = 1;
			remoteGlobalIDString = D1ED2D341AD2D09F00CFC3EB;
			remoteInfo = Kingfisher;
		};
		EEF0B35E1C4E6C93000BD306 /* PBXContainerItemProxy */ = {
			isa = PBXContainerItemProxy;
			containerPortal = EEF0B3541C4E6C93000BD306 /* Alamofire.xcodeproj */;
			proxyType = 2;
			remoteGlobalIDString = F8111E3319A95C8B0040E7D1;
			remoteInfo = "Alamofire iOS";
		};
		EEF0B3601C4E6C93000BD306 /* PBXContainerItemProxy */ = {
			isa = PBXContainerItemProxy;
			containerPortal = EEF0B3541C4E6C93000BD306 /* Alamofire.xcodeproj */;
			proxyType = 2;
			remoteGlobalIDString = F8111E3E19A95C8B0040E7D1;
			remoteInfo = "Alamofire iOS Tests";
		};
		EEF0B3621C4E6C93000BD306 /* PBXContainerItemProxy */ = {
			isa = PBXContainerItemProxy;
			containerPortal = EEF0B3541C4E6C93000BD306 /* Alamofire.xcodeproj */;
			proxyType = 2;
			remoteGlobalIDString = 4DD67C0B1A5C55C900ED2280;
			remoteInfo = "Alamofire OSX";
		};
		EEF0B3641C4E6C93000BD306 /* PBXContainerItemProxy */ = {
			isa = PBXContainerItemProxy;
			containerPortal = EEF0B3541C4E6C93000BD306 /* Alamofire.xcodeproj */;
			proxyType = 2;
			remoteGlobalIDString = F829C6B21A7A94F100A2CD59;
			remoteInfo = "Alamofire OSX Tests";
		};
		EEF0B3661C4E6C93000BD306 /* PBXContainerItemProxy */ = {
			isa = PBXContainerItemProxy;
			containerPortal = EEF0B3541C4E6C93000BD306 /* Alamofire.xcodeproj */;
			proxyType = 2;
			remoteGlobalIDString = 4CF626EF1BA7CB3E0011A099;
			remoteInfo = "Alamofire tvOS";
		};
		EEF0B3681C4E6C93000BD306 /* PBXContainerItemProxy */ = {
			isa = PBXContainerItemProxy;
			containerPortal = EEF0B3541C4E6C93000BD306 /* Alamofire.xcodeproj */;
			proxyType = 2;
			remoteGlobalIDString = 4CF626F81BA7CB3E0011A099;
			remoteInfo = "Alamofire tvOS Tests";
		};
		EEF0B36A1C4E6C93000BD306 /* PBXContainerItemProxy */ = {
			isa = PBXContainerItemProxy;
			containerPortal = EEF0B3541C4E6C93000BD306 /* Alamofire.xcodeproj */;
			proxyType = 2;
			remoteGlobalIDString = E4202FE01B667AA100C997FB;
			remoteInfo = "Alamofire watchOS";
		};
/* End PBXContainerItemProxy section */

/* Begin PBXCopyFilesBuildPhase section */
		EE60568C1C4E6CF60089A04C /* Embed Frameworks */ = {
			isa = PBXCopyFilesBuildPhase;
			buildActionMask = 2147483647;
			dstPath = "";
			dstSubfolderSpec = 10;
			files = (
				EEE780811C4F7BA900C4D905 /* Kingfisher.framework in Embed Frameworks */,
				EE0F260A1C57C25E00A6519C /* ZLSwiftRefresh.framework in Embed Frameworks */,
				EE6056891C4E6CF60089A04C /* Alamofire.framework in Embed Frameworks */,
			);
			name = "Embed Frameworks";
			runOnlyForDeploymentPostprocessing = 0;
		};
/* End PBXCopyFilesBuildPhase section */

/* Begin PBXFileReference section */
		EE19E5BB1C507C0D00A40B2E /* FrameModel.swift */ = {isa = PBXFileReference; fileEncoding = 4; lastKnownFileType = sourcecode.swift; path = FrameModel.swift; sourceTree = "<group>"; };
		EE19E5BF1C50B2B000A40B2E /* YUStatusCell.swift */ = {isa = PBXFileReference; fileEncoding = 4; lastKnownFileType = sourcecode.swift; path = YUStatusCell.swift; sourceTree = "<group>"; };
		EE1BC67A1C5794A700FD4718 /* ZLSwiftRefresh.xcodeproj */ = {isa = PBXFileReference; lastKnownFileType = "wrapper.pb-project"; name = ZLSwiftRefresh.xcodeproj; path = "ZLSwiftRefresh-master/ZLSwiftRefresh.xcodeproj"; sourceTree = "<group>"; };
		EE1FA7DC1C4D1660009B7C30 /* YUNewFeatureController.swift */ = {isa = PBXFileReference; fileEncoding = 4; lastKnownFileType = sourcecode.swift; path = YUNewFeatureController.swift; sourceTree = "<group>"; };
		EE22002B1C5201780021FFE1 /* YUStatusToolbar.swift */ = {isa = PBXFileReference; fileEncoding = 4; lastKnownFileType = sourcecode.swift; path = YUStatusToolbar.swift; sourceTree = "<group>"; };
		EE2200371C5257950021FFE1 /* YUStatusTopView.swift */ = {isa = PBXFileReference; fileEncoding = 4; lastKnownFileType = sourcecode.swift; path = YUStatusTopView.swift; sourceTree = "<group>"; };
		EE26EF701C5B2B0F0063C6A6 /* YUTextView.swift */ = {isa = PBXFileReference; fileEncoding = 4; lastKnownFileType = sourcecode.swift; path = YUTextView.swift; sourceTree = "<group>"; };
		EE26EF7D1C5B33060063C6A6 /* YUComposeViewController.swift */ = {isa = PBXFileReference; fileEncoding = 4; lastKnownFileType = sourcecode.swift; path = YUComposeViewController.swift; sourceTree = "<group>"; };
		EE26EF801C5B41CE0063C6A6 /* MBProgressHUD+MJ.h */ = {isa = PBXFileReference; fileEncoding = 4; lastKnownFileType = sourcecode.c.h; path = "MBProgressHUD+MJ.h"; sourceTree = "<group>"; };
		EE26EF811C5B41CE0063C6A6 /* MBProgressHUD+MJ.m */ = {isa = PBXFileReference; fileEncoding = 4; lastKnownFileType = sourcecode.c.objc; path = "MBProgressHUD+MJ.m"; sourceTree = "<group>"; };
		EE26EF821C5B41CE0063C6A6 /* MBProgressHUD.bundle */ = {isa = PBXFileReference; lastKnownFileType = "wrapper.plug-in"; path = MBProgressHUD.bundle; sourceTree = "<group>"; };
		EE26EF831C5B41CE0063C6A6 /* MBProgressHUD.h */ = {isa = PBXFileReference; fileEncoding = 4; lastKnownFileType = sourcecode.c.h; path = MBProgressHUD.h; sourceTree = "<group>"; };
		EE26EF841C5B41CE0063C6A6 /* MBProgressHUD.m */ = {isa = PBXFileReference; fileEncoding = 4; lastKnownFileType = sourcecode.c.objc; path = MBProgressHUD.m; sourceTree = "<group>"; };
		EE26EF951C5B43060063C6A6 /* YueWeibo-Swift-Bridging-Header.h */ = {isa = PBXFileReference; lastKnownFileType = sourcecode.c.h; path = "YueWeibo-Swift-Bridging-Header.h"; sourceTree = "<group>"; };
		EE26EF971C5B46890063C6A6 /* MJPhoto.h */ = {isa = PBXFileReference; fileEncoding = 4; lastKnownFileType = sourcecode.c.h; path = MJPhoto.h; sourceTree = "<group>"; };
		EE26EF981C5B46890063C6A6 /* MJPhoto.m */ = {isa = PBXFileReference; fileEncoding = 4; lastKnownFileType = sourcecode.c.objc; path = MJPhoto.m; sourceTree = "<group>"; };
		EE26EF991C5B46890063C6A6 /* MJPhotoBrowser.bundle */ = {isa = PBXFileReference; lastKnownFileType = "wrapper.plug-in"; path = MJPhotoBrowser.bundle; sourceTree = "<group>"; };
		EE26EF9A1C5B46890063C6A6 /* MJPhotoBrowser.h */ = {isa = PBXFileReference; fileEncoding = 4; lastKnownFileType = sourcecode.c.h; path = MJPhotoBrowser.h; sourceTree = "<group>"; };
		EE26EF9B1C5B46890063C6A6 /* MJPhotoBrowser.m */ = {isa = PBXFileReference; fileEncoding = 4; lastKnownFileType = sourcecode.c.objc; path = MJPhotoBrowser.m; sourceTree = "<group>"; };
		EE26EF9C1C5B46890063C6A6 /* MJPhotoLoadingView.h */ = {isa = PBXFileReference; fileEncoding = 4; lastKnownFileType = sourcecode.c.h; path = MJPhotoLoadingView.h; sourceTree = "<group>"; };
		EE26EF9D1C5B46890063C6A6 /* MJPhotoLoadingView.m */ = {isa = PBXFileReference; fileEncoding = 4; lastKnownFileType = sourcecode.c.objc; path = MJPhotoLoadingView.m; sourceTree = "<group>"; };
		EE26EF9E1C5B46890063C6A6 /* MJPhotoProgressView.h */ = {isa = PBXFileReference; fileEncoding = 4; lastKnownFileType = sourcecode.c.h; path = MJPhotoProgressView.h; sourceTree = "<group>"; };
		EE26EF9F1C5B46890063C6A6 /* MJPhotoProgressView.m */ = {isa = PBXFileReference; fileEncoding = 4; lastKnownFileType = sourcecode.c.objc; path = MJPhotoProgressView.m; sourceTree = "<group>"; };
		EE26EFA01C5B46890063C6A6 /* MJPhotoToolbar.h */ = {isa = PBXFileReference; fileEncoding = 4; lastKnownFileType = sourcecode.c.h; path = MJPhotoToolbar.h; sourceTree = "<group>"; };
		EE26EFA11C5B46890063C6A6 /* MJPhotoToolbar.m */ = {isa = PBXFileReference; fileEncoding = 4; lastKnownFileType = sourcecode.c.objc; path = MJPhotoToolbar.m; sourceTree = "<group>"; };
		EE26EFA21C5B46890063C6A6 /* MJPhotoView.h */ = {isa = PBXFileReference; fileEncoding = 4; lastKnownFileType = sourcecode.c.h; path = MJPhotoView.h; sourceTree = "<group>"; };
		EE26EFA31C5B46890063C6A6 /* MJPhotoView.m */ = {isa = PBXFileReference; fileEncoding = 4; lastKnownFileType = sourcecode.c.objc; path = MJPhotoView.m; sourceTree = "<group>"; };
		EE26EFA41C5B46890063C6A6 /* SDWebImageManager+MJ.h */ = {isa = PBXFileReference; fileEncoding = 4; lastKnownFileType = sourcecode.c.h; path = "SDWebImageManager+MJ.h"; sourceTree = "<group>"; };
		EE26EFA51C5B46890063C6A6 /* SDWebImageManager+MJ.m */ = {isa = PBXFileReference; fileEncoding = 4; lastKnownFileType = sourcecode.c.objc; path = "SDWebImageManager+MJ.m"; sourceTree = "<group>"; };
		EE26EFAE1C5B48E60063C6A6 /* YUPhotoView.swift */ = {isa = PBXFileReference; fileEncoding = 4; lastKnownFileType = sourcecode.swift; path = YUPhotoView.swift; sourceTree = "<group>"; };
		EE26EFB11C5B516B0063C6A6 /* MKAnnotationView+WebCache.h */ = {isa = PBXFileReference; fileEncoding = 4; lastKnownFileType = sourcecode.c.h; path = "MKAnnotationView+WebCache.h"; sourceTree = "<group>"; };
		EE26EFB21C5B516B0063C6A6 /* MKAnnotationView+WebCache.m */ = {isa = PBXFileReference; fileEncoding = 4; lastKnownFileType = sourcecode.c.objc; path = "MKAnnotationView+WebCache.m"; sourceTree = "<group>"; };
		EE26EFB31C5B516B0063C6A6 /* NSData+ImageContentType.h */ = {isa = PBXFileReference; fileEncoding = 4; lastKnownFileType = sourcecode.c.h; path = "NSData+ImageContentType.h"; sourceTree = "<group>"; };
		EE26EFB41C5B516B0063C6A6 /* NSData+ImageContentType.m */ = {isa = PBXFileReference; fileEncoding = 4; lastKnownFileType = sourcecode.c.objc; path = "NSData+ImageContentType.m"; sourceTree = "<group>"; };
		EE26EFB51C5B516B0063C6A6 /* SDImageCache.h */ = {isa = PBXFileReference; fileEncoding = 4; lastKnownFileType = sourcecode.c.h; path = SDImageCache.h; sourceTree = "<group>"; };
		EE26EFB61C5B516B0063C6A6 /* SDImageCache.m */ = {isa = PBXFileReference; fileEncoding = 4; lastKnownFileType = sourcecode.c.objc; path = SDImageCache.m; sourceTree = "<group>"; };
		EE26EFB71C5B516B0063C6A6 /* SDWebImageCompat.h */ = {isa = PBXFileReference; fileEncoding = 4; lastKnownFileType = sourcecode.c.h; path = SDWebImageCompat.h; sourceTree = "<group>"; };
		EE26EFB81C5B516B0063C6A6 /* SDWebImageCompat.m */ = {isa = PBXFileReference; fileEncoding = 4; lastKnownFileType = sourcecode.c.objc; path = SDWebImageCompat.m; sourceTree = "<group>"; };
		EE26EFB91C5B516B0063C6A6 /* SDWebImageDecoder.h */ = {isa = PBXFileReference; fileEncoding = 4; lastKnownFileType = sourcecode.c.h; path = SDWebImageDecoder.h; sourceTree = "<group>"; };
		EE26EFBA1C5B516B0063C6A6 /* SDWebImageDecoder.m */ = {isa = PBXFileReference; fileEncoding = 4; lastKnownFileType = sourcecode.c.objc; path = SDWebImageDecoder.m; sourceTree = "<group>"; };
		EE26EFBB1C5B516B0063C6A6 /* SDWebImageDownloader.h */ = {isa = PBXFileReference; fileEncoding = 4; lastKnownFileType = sourcecode.c.h; path = SDWebImageDownloader.h; sourceTree = "<group>"; };
		EE26EFBC1C5B516B0063C6A6 /* SDWebImageDownloader.m */ = {isa = PBXFileReference; fileEncoding = 4; lastKnownFileType = sourcecode.c.objc; path = SDWebImageDownloader.m; sourceTree = "<group>"; };
		EE26EFBD1C5B516B0063C6A6 /* SDWebImageDownloaderOperation.h */ = {isa = PBXFileReference; fileEncoding = 4; lastKnownFileType = sourcecode.c.h; path = SDWebImageDownloaderOperation.h; sourceTree = "<group>"; };
		EE26EFBE1C5B516B0063C6A6 /* SDWebImageDownloaderOperation.m */ = {isa = PBXFileReference; fileEncoding = 4; lastKnownFileType = sourcecode.c.objc; path = SDWebImageDownloaderOperation.m; sourceTree = "<group>"; };
		EE26EFBF1C5B516B0063C6A6 /* SDWebImageManager.h */ = {isa = PBXFileReference; fileEncoding = 4; lastKnownFileType = sourcecode.c.h; path = SDWebImageManager.h; sourceTree = "<group>"; };
		EE26EFC01C5B516B0063C6A6 /* SDWebImageManager.m */ = {isa = PBXFileReference; fileEncoding = 4; lastKnownFileType = sourcecode.c.objc; path = SDWebImageManager.m; sourceTree = "<group>"; };
		EE26EFC11C5B516B0063C6A6 /* SDWebImageOperation.h */ = {isa = PBXFileReference; fileEncoding = 4; lastKnownFileType = sourcecode.c.h; path = SDWebImageOperation.h; sourceTree = "<group>"; };
		EE26EFC21C5B516B0063C6A6 /* SDWebImagePrefetcher.h */ = {isa = PBXFileReference; fileEncoding = 4; lastKnownFileType = sourcecode.c.h; path = SDWebImagePrefetcher.h; sourceTree = "<group>"; };
		EE26EFC31C5B516B0063C6A6 /* SDWebImagePrefetcher.m */ = {isa = PBXFileReference; fileEncoding = 4; lastKnownFileType = sourcecode.c.objc; path = SDWebImagePrefetcher.m; sourceTree = "<group>"; };
		EE26EFC41C5B516B0063C6A6 /* UIButton+WebCache.h */ = {isa = PBXFileReference; fileEncoding = 4; lastKnownFileType = sourcecode.c.h; path = "UIButton+WebCache.h"; sourceTree = "<group>"; };
		EE26EFC51C5B516B0063C6A6 /* UIButton+WebCache.m */ = {isa = PBXFileReference; fileEncoding = 4; lastKnownFileType = sourcecode.c.objc; path = "UIButton+WebCache.m"; sourceTree = "<group>"; };
		EE26EFC61C5B516B0063C6A6 /* UIImage+GIF.h */ = {isa = PBXFileReference; fileEncoding = 4; lastKnownFileType = sourcecode.c.h; path = "UIImage+GIF.h"; sourceTree = "<group>"; };
		EE26EFC71C5B516B0063C6A6 /* UIImage+GIF.m */ = {isa = PBXFileReference; fileEncoding = 4; lastKnownFileType = sourcecode.c.objc; path = "UIImage+GIF.m"; sourceTree = "<group>"; };
		EE26EFC81C5B516B0063C6A6 /* UIImage+MultiFormat.h */ = {isa = PBXFileReference; fileEncoding = 4; lastKnownFileType = sourcecode.c.h; path = "UIImage+MultiFormat.h"; sourceTree = "<group>"; };
		EE26EFC91C5B516B0063C6A6 /* UIImage+MultiFormat.m */ = {isa = PBXFileReference; fileEncoding = 4; lastKnownFileType = sourcecode.c.objc; path = "UIImage+MultiFormat.m"; sourceTree = "<group>"; };
		EE26EFCA1C5B516B0063C6A6 /* UIImage+WebP.h */ = {isa = PBXFileReference; fileEncoding = 4; lastKnownFileType = sourcecode.c.h; path = "UIImage+WebP.h"; sourceTree = "<group>"; };
		EE26EFCB1C5B516B0063C6A6 /* UIImage+WebP.m */ = {isa = PBXFileReference; fileEncoding = 4; lastKnownFileType = sourcecode.c.objc; path = "UIImage+WebP.m"; sourceTree = "<group>"; };
		EE26EFCC1C5B516B0063C6A6 /* UIImageView+HighlightedWebCache.h */ = {isa = PBXFileReference; fileEncoding = 4; lastKnownFileType = sourcecode.c.h; path = "UIImageView+HighlightedWebCache.h"; sourceTree = "<group>"; };
		EE26EFCD1C5B516B0063C6A6 /* UIImageView+HighlightedWebCache.m */ = {isa = PBXFileReference; fileEncoding = 4; lastKnownFileType = sourcecode.c.objc; path = "UIImageView+HighlightedWebCache.m"; sourceTree = "<group>"; };
		EE26EFCE1C5B516B0063C6A6 /* UIImageView+WebCache.h */ = {isa = PBXFileReference; fileEncoding = 4; lastKnownFileType = sourcecode.c.h; path = "UIImageView+WebCache.h"; sourceTree = "<group>"; };
		EE26EFCF1C5B516B0063C6A6 /* UIImageView+WebCache.m */ = {isa = PBXFileReference; fileEncoding = 4; lastKnownFileType = sourcecode.c.objc; path = "UIImageView+WebCache.m"; sourceTree = "<group>"; };
		EE26EFD01C5B516B0063C6A6 /* UIView+WebCacheOperation.h */ = {isa = PBXFileReference; fileEncoding = 4; lastKnownFileType = sourcecode.c.h; path = "UIView+WebCacheOperation.h"; sourceTree = "<group>"; };
		EE26EFD11C5B516B0063C6A6 /* UIView+WebCacheOperation.m */ = {isa = PBXFileReference; fileEncoding = 4; lastKnownFileType = sourcecode.c.objc; path = "UIView+WebCacheOperation.m"; sourceTree = "<group>"; };
		EE29EEA01C4B643200CA667F /* Yu3Weibo-Swift.app */ = {isa = PBXFileReference; explicitFileType = wrapper.application; includeInIndex = 0; path = "Yu3Weibo-Swift.app"; sourceTree = BUILT_PRODUCTS_DIR; };
		EE29EEA31C4B643200CA667F /* AppDelegate.swift */ = {isa = PBXFileReference; lastKnownFileType = sourcecode.swift; path = AppDelegate.swift; sourceTree = "<group>"; };
		EE29EEAA1C4B643200CA667F /* Assets.xcassets */ = {isa = PBXFileReference; lastKnownFileType = folder.assetcatalog; path = Assets.xcassets; sourceTree = "<group>"; };
		EE29EEAD1C4B643200CA667F /* Base */ = {isa = PBXFileReference; lastKnownFileType = file.storyboard; name = Base; path = Base.lproj/LaunchScreen.storyboard; sourceTree = "<group>"; };
		EE29EEAF1C4B643200CA667F /* Info.plist */ = {isa = PBXFileReference; lastKnownFileType = text.plist.xml; path = Info.plist; sourceTree = "<group>"; };
		EE29EEB41C4B643200CA667F /* Yu3Weibo-SwiftTests.xctest */ = {isa = PBXFileReference; explicitFileType = wrapper.cfbundle; includeInIndex = 0; path = "Yu3Weibo-SwiftTests.xctest"; sourceTree = BUILT_PRODUCTS_DIR; };
		EE29EEB81C4B643200CA667F /* Yu3Weibo_SwiftTests.swift */ = {isa = PBXFileReference; lastKnownFileType = sourcecode.swift; path = Yu3Weibo_SwiftTests.swift; sourceTree = "<group>"; };
		EE29EEBA1C4B643200CA667F /* Info.plist */ = {isa = PBXFileReference; lastKnownFileType = text.plist.xml; path = Info.plist; sourceTree = "<group>"; };
		EE29EEBF1C4B643200CA667F /* Yu3Weibo-SwiftUITests.xctest */ = {isa = PBXFileReference; explicitFileType = wrapper.cfbundle; includeInIndex = 0; path = "Yu3Weibo-SwiftUITests.xctest"; sourceTree = BUILT_PRODUCTS_DIR; };
		EE29EEC31C4B643200CA667F /* Yu3Weibo_SwiftUITests.swift */ = {isa = PBXFileReference; lastKnownFileType = sourcecode.swift; path = Yu3Weibo_SwiftUITests.swift; sourceTree = "<group>"; };
		EE29EEC51C4B643200CA667F /* Info.plist */ = {isa = PBXFileReference; lastKnownFileType = text.plist.xml; path = Info.plist; sourceTree = "<group>"; };
		EE29EED51C4B658E00CA667F /* YUTabBarViewController.swift */ = {isa = PBXFileReference; fileEncoding = 4; lastKnownFileType = sourcecode.swift; path = YUTabBarViewController.swift; sourceTree = "<group>"; };
		EE29EED71C4B676D00CA667F /* YUTabBar.swift */ = {isa = PBXFileReference; fileEncoding = 4; lastKnownFileType = sourcecode.swift; path = YUTabBar.swift; sourceTree = "<group>"; };
		EE29EEDA1C4B69D700CA667F /* YUTabBarButton.swift */ = {isa = PBXFileReference; fileEncoding = 4; lastKnownFileType = sourcecode.swift; path = YUTabBarButton.swift; sourceTree = "<group>"; };
		EE29EEDC1C4B70A200CA667F /* YUBadgeButton.swift */ = {isa = PBXFileReference; fileEncoding = 4; lastKnownFileType = sourcecode.swift; path = YUBadgeButton.swift; sourceTree = "<group>"; };
		EE29EEE01C4B81AF00CA667F /* YUHomeViewController.swift */ = {isa = PBXFileReference; fileEncoding = 4; lastKnownFileType = sourcecode.swift; path = YUHomeViewController.swift; sourceTree = "<group>"; };
		EE29EEE41C4B81E200CA667F /* YUMessageViewController.swift */ = {isa = PBXFileReference; fileEncoding = 4; lastKnownFileType = sourcecode.swift; path = YUMessageViewController.swift; sourceTree = "<group>"; };
		EE29EEE81C4B822C00CA667F /* YUDiscoverViewController.swift */ = {isa = PBXFileReference; fileEncoding = 4; lastKnownFileType = sourcecode.swift; path = YUDiscoverViewController.swift; sourceTree = "<group>"; };
		EE29EEEC1C4B825A00CA667F /* YUMeViewController.swift */ = {isa = PBXFileReference; fileEncoding = 4; lastKnownFileType = sourcecode.swift; path = YUMeViewController.swift; sourceTree = "<group>"; };
		EE2AAA6B1C54773C00EEE796 /* YUPhotoListView.swift */ = {isa = PBXFileReference; fileEncoding = 4; lastKnownFileType = sourcecode.swift; path = YUPhotoListView.swift; sourceTree = "<group>"; };
		EE35A1E61C4CF07500B721BA /* YUNavigationController.swift */ = {isa = PBXFileReference; fileEncoding = 4; lastKnownFileType = sourcecode.swift; path = YUNavigationController.swift; sourceTree = "<group>"; };
		EE35A1E91C4D076300B721BA /* YUTitleButton.swift */ = {isa = PBXFileReference; fileEncoding = 4; lastKnownFileType = sourcecode.swift; path = YUTitleButton.swift; sourceTree = "<group>"; };
		EE6056DD1C4E77020089A04C /* DataModel.swift */ = {isa = PBXFileReference; fileEncoding = 4; lastKnownFileType = sourcecode.swift; path = DataModel.swift; sourceTree = "<group>"; };
		EE6056DF1C4E7D500089A04C /* Tool.swift */ = {isa = PBXFileReference; fileEncoding = 4; lastKnownFileType = sourcecode.swift; path = Tool.swift; sourceTree = "<group>"; };
		EE61C51A1C58B8AB00ABD45A /* Constants.swift */ = {isa = PBXFileReference; fileEncoding = 4; lastKnownFileType = sourcecode.swift; path = Constants.swift; sourceTree = "<group>"; };
		EEE7806E1C4F7B9300C4D905 /* Kingfisher.xcodeproj */ = {isa = PBXFileReference; lastKnownFileType = "wrapper.pb-project"; name = Kingfisher.xcodeproj; path = "Kingfisher-master/Kingfisher.xcodeproj"; sourceTree = "<group>"; };
		EEE780841C4F7DF400C4D905 /* Extensions.swift */ = {isa = PBXFileReference; fileEncoding = 4; lastKnownFileType = sourcecode.swift; path = Extensions.swift; sourceTree = "<group>"; };
		EEF0B3511C4E64AA000BD306 /* YUOAuthViewController.swift */ = {isa = PBXFileReference; fileEncoding = 4; lastKnownFileType = sourcecode.swift; path = YUOAuthViewController.swift; sourceTree = "<group>"; };
		EEF0B3541C4E6C93000BD306 /* Alamofire.xcodeproj */ = {isa = PBXFileReference; lastKnownFileType = "wrapper.pb-project"; name = Alamofire.xcodeproj; path = "Alamofire-master/Alamofire.xcodeproj"; sourceTree = "<group>"; };
/* End PBXFileReference section */

/* Begin PBXFrameworksBuildPhase section */
		EE29EE9D1C4B643200CA667F /* Frameworks */ = {
			isa = PBXFrameworksBuildPhase;
			buildActionMask = 2147483647;
			files = (
				EEE780801C4F7BA900C4D905 /* Kingfisher.framework in Frameworks */,
				EE0F26091C57C25E00A6519C /* ZLSwiftRefresh.framework in Frameworks */,
				EE6056881C4E6CF60089A04C /* Alamofire.framework in Frameworks */,
			);
			runOnlyForDeploymentPostprocessing = 0;
		};
		EE29EEB11C4B643200CA667F /* Frameworks */ = {
			isa = PBXFrameworksBuildPhase;
			buildActionMask = 2147483647;
			files = (
			);
			runOnlyForDeploymentPostprocessing = 0;
		};
		EE29EEBC1C4B643200CA667F /* Frameworks */ = {
			isa = PBXFrameworksBuildPhase;
			buildActionMask = 2147483647;
			files = (
			);
			runOnlyForDeploymentPostprocessing = 0;
		};
/* End PBXFrameworksBuildPhase section */

/* Begin PBXGroup section */
		EE1BC67B1C5794A700FD4718 /* Products */ = {
			isa = PBXGroup;
			children = (
				EE1BC68A1C5794A700FD4718 /* ZLSwiftRefresh.framework */,
				EE1BC68C1C5794A700FD4718 /* ZLSwiftRefreshTests.xctest */,
			);
			name = Products;
			sourceTree = "<group>";
		};
		EE26EF7F1C5B41CE0063C6A6 /* MBProgressHUD */ = {
			isa = PBXGroup;
			children = (
				EE26EF801C5B41CE0063C6A6 /* MBProgressHUD+MJ.h */,
				EE26EF811C5B41CE0063C6A6 /* MBProgressHUD+MJ.m */,
				EE26EF821C5B41CE0063C6A6 /* MBProgressHUD.bundle */,
				EE26EF831C5B41CE0063C6A6 /* MBProgressHUD.h */,
				EE26EF841C5B41CE0063C6A6 /* MBProgressHUD.m */,
			);
			path = MBProgressHUD;
			sourceTree = "<group>";
		};
		EE26EF961C5B46890063C6A6 /* MJPhotoBrowser */ = {
			isa = PBXGroup;
			children = (
				EE26EF971C5B46890063C6A6 /* MJPhoto.h */,
				EE26EF981C5B46890063C6A6 /* MJPhoto.m */,
				EE26EF991C5B46890063C6A6 /* MJPhotoBrowser.bundle */,
				EE26EF9A1C5B46890063C6A6 /* MJPhotoBrowser.h */,
				EE26EF9B1C5B46890063C6A6 /* MJPhotoBrowser.m */,
				EE26EF9C1C5B46890063C6A6 /* MJPhotoLoadingView.h */,
				EE26EF9D1C5B46890063C6A6 /* MJPhotoLoadingView.m */,
				EE26EF9E1C5B46890063C6A6 /* MJPhotoProgressView.h */,
				EE26EF9F1C5B46890063C6A6 /* MJPhotoProgressView.m */,
				EE26EFA01C5B46890063C6A6 /* MJPhotoToolbar.h */,
				EE26EFA11C5B46890063C6A6 /* MJPhotoToolbar.m */,
				EE26EFA21C5B46890063C6A6 /* MJPhotoView.h */,
				EE26EFA31C5B46890063C6A6 /* MJPhotoView.m */,
				EE26EFA41C5B46890063C6A6 /* SDWebImageManager+MJ.h */,
				EE26EFA51C5B46890063C6A6 /* SDWebImageManager+MJ.m */,
			);
			path = MJPhotoBrowser;
			sourceTree = "<group>";
		};
		EE26EFB01C5B516B0063C6A6 /* SDWebImage */ = {
			isa = PBXGroup;
			children = (
				EE26EFB11C5B516B0063C6A6 /* MKAnnotationView+WebCache.h */,
				EE26EFB21C5B516B0063C6A6 /* MKAnnotationView+WebCache.m */,
				EE26EFB31C5B516B0063C6A6 /* NSData+ImageContentType.h */,
				EE26EFB41C5B516B0063C6A6 /* NSData+ImageContentType.m */,
				EE26EFB51C5B516B0063C6A6 /* SDImageCache.h */,
				EE26EFB61C5B516B0063C6A6 /* SDImageCache.m */,
				EE26EFB71C5B516B0063C6A6 /* SDWebImageCompat.h */,
				EE26EFB81C5B516B0063C6A6 /* SDWebImageCompat.m */,
				EE26EFB91C5B516B0063C6A6 /* SDWebImageDecoder.h */,
				EE26EFBA1C5B516B0063C6A6 /* SDWebImageDecoder.m */,
				EE26EFBB1C5B516B0063C6A6 /* SDWebImageDownloader.h */,
				EE26EFBC1C5B516B0063C6A6 /* SDWebImageDownloader.m */,
				EE26EFBD1C5B516B0063C6A6 /* SDWebImageDownloaderOperation.h */,
				EE26EFBE1C5B516B0063C6A6 /* SDWebImageDownloaderOperation.m */,
				EE26EFBF1C5B516B0063C6A6 /* SDWebImageManager.h */,
				EE26EFC01C5B516B0063C6A6 /* SDWebImageManager.m */,
				EE26EFC11C5B516B0063C6A6 /* SDWebImageOperation.h */,
				EE26EFC21C5B516B0063C6A6 /* SDWebImagePrefetcher.h */,
				EE26EFC31C5B516B0063C6A6 /* SDWebImagePrefetcher.m */,
				EE26EFC41C5B516B0063C6A6 /* UIButton+WebCache.h */,
				EE26EFC51C5B516B0063C6A6 /* UIButton+WebCache.m */,
				EE26EFC61C5B516B0063C6A6 /* UIImage+GIF.h */,
				EE26EFC71C5B516B0063C6A6 /* UIImage+GIF.m */,
				EE26EFC81C5B516B0063C6A6 /* UIImage+MultiFormat.h */,
				EE26EFC91C5B516B0063C6A6 /* UIImage+MultiFormat.m */,
				EE26EFCA1C5B516B0063C6A6 /* UIImage+WebP.h */,
				EE26EFCB1C5B516B0063C6A6 /* UIImage+WebP.m */,
				EE26EFCC1C5B516B0063C6A6 /* UIImageView+HighlightedWebCache.h */,
				EE26EFCD1C5B516B0063C6A6 /* UIImageView+HighlightedWebCache.m */,
				EE26EFCE1C5B516B0063C6A6 /* UIImageView+WebCache.h */,
				EE26EFCF1C5B516B0063C6A6 /* UIImageView+WebCache.m */,
				EE26EFD01C5B516B0063C6A6 /* UIView+WebCacheOperation.h */,
				EE26EFD11C5B516B0063C6A6 /* UIView+WebCacheOperation.m */,
			);
			path = SDWebImage;
			sourceTree = "<group>";
		};
		EE29EE971C4B643200CA667F = {
			isa = PBXGroup;
			children = (
				EE29EEA21C4B643200CA667F /* Yu3Weibo-Swift */,
				EE29EEB71C4B643200CA667F /* Yu3Weibo-SwiftTests */,
				EE29EEC21C4B643200CA667F /* Yu3Weibo-SwiftUITests */,
				EE29EEA11C4B643200CA667F /* Products */,
				EE1BC67A1C5794A700FD4718 /* ZLSwiftRefresh.xcodeproj */,
				EEE7806E1C4F7B9300C4D905 /* Kingfisher.xcodeproj */,
				EEF0B3541C4E6C93000BD306 /* Alamofire.xcodeproj */,
			);
			sourceTree = "<group>";
		};
		EE29EEA11C4B643200CA667F /* Products */ = {
			isa = PBXGroup;
			children = (
				EE29EEA01C4B643200CA667F /* Yu3Weibo-Swift.app */,
				EE29EEB41C4B643200CA667F /* Yu3Weibo-SwiftTests.xctest */,
				EE29EEBF1C4B643200CA667F /* Yu3Weibo-SwiftUITests.xctest */,
			);
			name = Products;
			sourceTree = "<group>";
		};
		EE29EEA21C4B643200CA667F /* Yu3Weibo-Swift */ = {
			isa = PBXGroup;
			children = (
				EE29EED11C4B64BA00CA667F /* Classes */,
				EE29EEAA1C4B643200CA667F /* Assets.xcassets */,
				EE29EEAC1C4B643200CA667F /* LaunchScreen.storyboard */,
				EE29EEAF1C4B643200CA667F /* Info.plist */,
			);
			path = "Yu3Weibo-Swift";
			sourceTree = "<group>";
		};
		EE29EEB71C4B643200CA667F /* Yu3Weibo-SwiftTests */ = {
			isa = PBXGroup;
			children = (
				EE29EEB81C4B643200CA667F /* Yu3Weibo_SwiftTests.swift */,
				EE29EEBA1C4B643200CA667F /* Info.plist */,
			);
			path = "Yu3Weibo-SwiftTests";
			sourceTree = "<group>";
		};
		EE29EEC21C4B643200CA667F /* Yu3Weibo-SwiftUITests */ = {
			isa = PBXGroup;
			children = (
				EE29EEC31C4B643200CA667F /* Yu3Weibo_SwiftUITests.swift */,
				EE29EEC51C4B643200CA667F /* Info.plist */,
			);
			path = "Yu3Weibo-SwiftUITests";
			sourceTree = "<group>";
		};
		EE29EED11C4B64BA00CA667F /* Classes */ = {
			isa = PBXGroup;
			children = (
				EEE780331C4F5D4500C4D905 /* Controller */,
				EE29EED91C4B69B600CA667F /* View */,
				EE29EEDE1C4B818E00CA667F /* Model */,
				EE29EED31C4B64E300CA667F /* Other */,
			);
			name = Classes;
			sourceTree = "<group>";
		};
		EE29EED31C4B64E300CA667F /* Other */ = {
			isa = PBXGroup;
			children = (
				EE26EFB01C5B516B0063C6A6 /* SDWebImage */,
				EE26EF961C5B46890063C6A6 /* MJPhotoBrowser */,
				EE26EF7F1C5B41CE0063C6A6 /* MBProgressHUD */,
				EE6056DF1C4E7D500089A04C /* Tool.swift */,
				EE29EEA31C4B643200CA667F /* AppDelegate.swift */,
				EEE780841C4F7DF400C4D905 /* Extensions.swift */,
				EE61C51A1C58B8AB00ABD45A /* Constants.swift */,
				EE26EF951C5B43060063C6A6 /* YueWeibo-Swift-Bridging-Header.h */,
			);
			name = Other;
			sourceTree = "<group>";
		};
		EE29EED91C4B69B600CA667F /* View */ = {
			isa = PBXGroup;
			children = (
				EE29EED71C4B676D00CA667F /* YUTabBar.swift */,
				EE29EEDA1C4B69D700CA667F /* YUTabBarButton.swift */,
				EE29EEDC1C4B70A200CA667F /* YUBadgeButton.swift */,
				EE35A1E91C4D076300B721BA /* YUTitleButton.swift */,
				EE19E5BF1C50B2B000A40B2E /* YUStatusCell.swift */,
				EE2200371C5257950021FFE1 /* YUStatusTopView.swift */,
				EE2AAA6B1C54773C00EEE796 /* YUPhotoListView.swift */,
				EE26EFAE1C5B48E60063C6A6 /* YUPhotoView.swift */,
				EE22002B1C5201780021FFE1 /* YUStatusToolbar.swift */,
				EE26EF701C5B2B0F0063C6A6 /* YUTextView.swift */,
			);
			name = View;
			sourceTree = "<group>";
		};
		EE29EEDE1C4B818E00CA667F /* Model */ = {
			isa = PBXGroup;
			children = (
				EE6056DD1C4E77020089A04C /* DataModel.swift */,
				EE19E5BB1C507C0D00A40B2E /* FrameModel.swift */,
			);
			name = Model;
			sourceTree = "<group>";
		};
		EEE780331C4F5D4500C4D905 /* Controller */ = {
			isa = PBXGroup;
			children = (
				EEF0B3511C4E64AA000BD306 /* YUOAuthViewController.swift */,
				EE1FA7DC1C4D1660009B7C30 /* YUNewFeatureController.swift */,
				EE29EEEC1C4B825A00CA667F /* YUMeViewController.swift */,
				EE29EEE81C4B822C00CA667F /* YUDiscoverViewController.swift */,
				EE29EEE41C4B81E200CA667F /* YUMessageViewController.swift */,
				EE29EEE01C4B81AF00CA667F /* YUHomeViewController.swift */,
				EE29EED51C4B658E00CA667F /* YUTabBarViewController.swift */,
				EE35A1E61C4CF07500B721BA /* YUNavigationController.swift */,
				EE26EF7D1C5B33060063C6A6 /* YUComposeViewController.swift */,
			);
			name = Controller;
			sourceTree = "<group>";
		};
		EEE7806F1C4F7B9300C4D905 /* Products */ = {
			isa = PBXGroup;
			children = (
				EEE780771C4F7B9400C4D905 /* Kingfisher-Demo.app */,
				EEE780791C4F7B9400C4D905 /* Kingfisher.framework */,
				EEE7807B1C4F7B9400C4D905 /* KingfisherTests.xctest */,
				EEE7807D1C4F7B9400C4D905 /* Kingfisher-tvOS-Demo.app */,
				EEE7807F1C4F7B9400C4D905 /* Kingfisher.framework */,
			);
			name = Products;
			sourceTree = "<group>";
		};
		EEF0B3551C4E6C93000BD306 /* Products */ = {
			isa = PBXGroup;
			children = (
				EEF0B35F1C4E6C93000BD306 /* Alamofire.framework */,
				EEF0B3611C4E6C93000BD306 /* Alamofire iOS Tests.xctest */,
				EEF0B3631C4E6C93000BD306 /* Alamofire.framework */,
				EEF0B3651C4E6C93000BD306 /* Alamofire OSX Tests.xctest */,
				EEF0B3671C4E6C93000BD306 /* Alamofire.framework */,
				EEF0B3691C4E6C93000BD306 /* Alamofire tvOS Tests.xctest */,
				EEF0B36B1C4E6C93000BD306 /* Alamofire.framework */,
			);
			name = Products;
			sourceTree = "<group>";
		};
/* End PBXGroup section */

/* Begin PBXNativeTarget section */
		EE29EE9F1C4B643200CA667F /* Yu3Weibo-Swift */ = {
			isa = PBXNativeTarget;
			buildConfigurationList = EE29EEC81C4B643200CA667F /* Build configuration list for PBXNativeTarget "Yu3Weibo-Swift" */;
			buildPhases = (
				EE29EE9C1C4B643200CA667F /* Sources */,
				EE29EE9D1C4B643200CA667F /* Frameworks */,
				EE29EE9E1C4B643200CA667F /* Resources */,
				EE60568C1C4E6CF60089A04C /* Embed Frameworks */,
			);
			buildRules = (
			);
			dependencies = (
				EE60568B1C4E6CF60089A04C /* PBXTargetDependency */,
				EEE780831C4F7BA900C4D905 /* PBXTargetDependency */,
				EE0F260C1C57C25E00A6519C /* PBXTargetDependency */,
			);
			name = "Yu3Weibo-Swift";
			productName = "Yu3Weibo-Swift";
			productReference = EE29EEA01C4B643200CA667F /* Yu3Weibo-Swift.app */;
			productType = "com.apple.product-type.application";
		};
		EE29EEB31C4B643200CA667F /* Yu3Weibo-SwiftTests */ = {
			isa = PBXNativeTarget;
			buildConfigurationList = EE29EECB1C4B643200CA667F /* Build configuration list for PBXNativeTarget "Yu3Weibo-SwiftTests" */;
			buildPhases = (
				EE29EEB01C4B643200CA667F /* Sources */,
				EE29EEB11C4B643200CA667F /* Frameworks */,
				EE29EEB21C4B643200CA667F /* Resources */,
			);
			buildRules = (
			);
			dependencies = (
				EE29EEB61C4B643200CA667F /* PBXTargetDependency */,
			);
			name = "Yu3Weibo-SwiftTests";
			productName = "Yu3Weibo-SwiftTests";
			productReference = EE29EEB41C4B643200CA667F /* Yu3Weibo-SwiftTests.xctest */;
			productType = "com.apple.product-type.bundle.unit-test";
		};
		EE29EEBE1C4B643200CA667F /* Yu3Weibo-SwiftUITests */ = {
			isa = PBXNativeTarget;
			buildConfigurationList = EE29EECE1C4B643200CA667F /* Build configuration list for PBXNativeTarget "Yu3Weibo-SwiftUITests" */;
			buildPhases = (
				EE29EEBB1C4B643200CA667F /* Sources */,
				EE29EEBC1C4B643200CA667F /* Frameworks */,
				EE29EEBD1C4B643200CA667F /* Resources */,
			);
			buildRules = (
			);
			dependencies = (
				EE29EEC11C4B643200CA667F /* PBXTargetDependency */,
			);
			name = "Yu3Weibo-SwiftUITests";
			productName = "Yu3Weibo-SwiftUITests";
			productReference = EE29EEBF1C4B643200CA667F /* Yu3Weibo-SwiftUITests.xctest */;
			productType = "com.apple.product-type.bundle.ui-testing";
		};
/* End PBXNativeTarget section */

/* Begin PBXProject section */
		EE29EE981C4B643200CA667F /* Project object */ = {
			isa = PBXProject;
			attributes = {
				LastSwiftUpdateCheck = 0720;
				LastUpgradeCheck = 0720;
				ORGANIZATIONNAME = yu3;
				TargetAttributes = {
					EE29EE9F1C4B643200CA667F = {
						CreatedOnToolsVersion = 7.2;
					};
					EE29EEB31C4B643200CA667F = {
						CreatedOnToolsVersion = 7.2;
						TestTargetID = EE29EE9F1C4B643200CA667F;
					};
					EE29EEBE1C4B643200CA667F = {
						CreatedOnToolsVersion = 7.2;
						TestTargetID = EE29EE9F1C4B643200CA667F;
					};
				};
			};
			buildConfigurationList = EE29EE9B1C4B643200CA667F /* Build configuration list for PBXProject "Yu3Weibo-Swift" */;
			compatibilityVersion = "Xcode 3.2";
			developmentRegion = English;
			hasScannedForEncodings = 0;
			knownRegions = (
				en,
				Base,
			);
			mainGroup = EE29EE971C4B643200CA667F;
			productRefGroup = EE29EEA11C4B643200CA667F /* Products */;
			projectDirPath = "";
			projectReferences = (
				{
					ProductGroup = EEF0B3551C4E6C93000BD306 /* Products */;
					ProjectRef = EEF0B3541C4E6C93000BD306 /* Alamofire.xcodeproj */;
				},
				{
					ProductGroup = EEE7806F1C4F7B9300C4D905 /* Products */;
					ProjectRef = EEE7806E1C4F7B9300C4D905 /* Kingfisher.xcodeproj */;
				},
				{
					ProductGroup = EE1BC67B1C5794A700FD4718 /* Products */;
					ProjectRef = EE1BC67A1C5794A700FD4718 /* ZLSwiftRefresh.xcodeproj */;
				},
			);
			projectRoot = "";
			targets = (
				EE29EE9F1C4B643200CA667F /* Yu3Weibo-Swift */,
				EE29EEB31C4B643200CA667F /* Yu3Weibo-SwiftTests */,
				EE29EEBE1C4B643200CA667F /* Yu3Weibo-SwiftUITests */,
			);
		};
/* End PBXProject section */

/* Begin PBXReferenceProxy section */
		EE1BC68A1C5794A700FD4718 /* ZLSwiftRefresh.framework */ = {
			isa = PBXReferenceProxy;
			fileType = wrapper.framework;
			path = ZLSwiftRefresh.framework;
			remoteRef = EE1BC6891C5794A700FD4718 /* PBXContainerItemProxy */;
			sourceTree = BUILT_PRODUCTS_DIR;
		};
		EE1BC68C1C5794A700FD4718 /* ZLSwiftRefreshTests.xctest */ = {
			isa = PBXReferenceProxy;
			fileType = wrapper.cfbundle;
			path = ZLSwiftRefreshTests.xctest;
			remoteRef = EE1BC68B1C5794A700FD4718 /* PBXContainerItemProxy */;
			sourceTree = BUILT_PRODUCTS_DIR;
		};
		EEE780771C4F7B9400C4D905 /* Kingfisher-Demo.app */ = {
			isa = PBXReferenceProxy;
			fileType = wrapper.application;
			path = "Kingfisher-Demo.app";
			remoteRef = EEE780761C4F7B9400C4D905 /* PBXContainerItemProxy */;
			sourceTree = BUILT_PRODUCTS_DIR;
		};
		EEE780791C4F7B9400C4D905 /* Kingfisher.framework */ = {
			isa = PBXReferenceProxy;
			fileType = wrapper.framework;
			path = Kingfisher.framework;
			remoteRef = EEE780781C4F7B9400C4D905 /* PBXContainerItemProxy */;
			sourceTree = BUILT_PRODUCTS_DIR;
		};
		EEE7807B1C4F7B9400C4D905 /* KingfisherTests.xctest */ = {
			isa = PBXReferenceProxy;
			fileType = wrapper.cfbundle;
			path = KingfisherTests.xctest;
			remoteRef = EEE7807A1C4F7B9400C4D905 /* PBXContainerItemProxy */;
			sourceTree = BUILT_PRODUCTS_DIR;
		};
		EEE7807D1C4F7B9400C4D905 /* Kingfisher-tvOS-Demo.app */ = {
			isa = PBXReferenceProxy;
			fileType = wrapper.application;
			path = "Kingfisher-tvOS-Demo.app";
			remoteRef = EEE7807C1C4F7B9400C4D905 /* PBXContainerItemProxy */;
			sourceTree = BUILT_PRODUCTS_DIR;
		};
		EEE7807F1C4F7B9400C4D905 /* Kingfisher.framework */ = {
			isa = PBXReferenceProxy;
			fileType = wrapper.framework;
			path = Kingfisher.framework;
			remoteRef = EEE7807E1C4F7B9400C4D905 /* PBXContainerItemProxy */;
			sourceTree = BUILT_PRODUCTS_DIR;
		};
		EEF0B35F1C4E6C93000BD306 /* Alamofire.framework */ = {
			isa = PBXReferenceProxy;
			fileType = wrapper.framework;
			path = Alamofire.framework;
			remoteRef = EEF0B35E1C4E6C93000BD306 /* PBXContainerItemProxy */;
			sourceTree = BUILT_PRODUCTS_DIR;
		};
		EEF0B3611C4E6C93000BD306 /* Alamofire iOS Tests.xctest */ = {
			isa = PBXReferenceProxy;
			fileType = wrapper.cfbundle;
			path = "Alamofire iOS Tests.xctest";
			remoteRef = EEF0B3601C4E6C93000BD306 /* PBXContainerItemProxy */;
			sourceTree = BUILT_PRODUCTS_DIR;
		};
		EEF0B3631C4E6C93000BD306 /* Alamofire.framework */ = {
			isa = PBXReferenceProxy;
			fileType = wrapper.framework;
			path = Alamofire.framework;
			remoteRef = EEF0B3621C4E6C93000BD306 /* PBXContainerItemProxy */;
			sourceTree = BUILT_PRODUCTS_DIR;
		};
		EEF0B3651C4E6C93000BD306 /* Alamofire OSX Tests.xctest */ = {
			isa = PBXReferenceProxy;
			fileType = wrapper.cfbundle;
			path = "Alamofire OSX Tests.xctest";
			remoteRef = EEF0B3641C4E6C93000BD306 /* PBXContainerItemProxy */;
			sourceTree = BUILT_PRODUCTS_DIR;
		};
		EEF0B3671C4E6C93000BD306 /* Alamofire.framework */ = {
			isa = PBXReferenceProxy;
			fileType = wrapper.framework;
			path = Alamofire.framework;
			remoteRef = EEF0B3661C4E6C93000BD306 /* PBXContainerItemProxy */;
			sourceTree = BUILT_PRODUCTS_DIR;
		};
		EEF0B3691C4E6C93000BD306 /* Alamofire tvOS Tests.xctest */ = {
			isa = PBXReferenceProxy;
			fileType = wrapper.cfbundle;
			path = "Alamofire tvOS Tests.xctest";
			remoteRef = EEF0B3681C4E6C93000BD306 /* PBXContainerItemProxy */;
			sourceTree = BUILT_PRODUCTS_DIR;
		};
		EEF0B36B1C4E6C93000BD306 /* Alamofire.framework */ = {
			isa = PBXReferenceProxy;
			fileType = wrapper.framework;
			path = Alamofire.framework;
			remoteRef = EEF0B36A1C4E6C93000BD306 /* PBXContainerItemProxy */;
			sourceTree = BUILT_PRODUCTS_DIR;
		};
/* End PBXReferenceProxy section */

/* Begin PBXResourcesBuildPhase section */
		EE29EE9E1C4B643200CA667F /* Resources */ = {
			isa = PBXResourcesBuildPhase;
			buildActionMask = 2147483647;
			files = (
				EE29EEAE1C4B643200CA667F /* LaunchScreen.storyboard in Resources */,
				EE29EEAB1C4B643200CA667F /* Assets.xcassets in Resources */,
				EE26EFA71C5B46890063C6A6 /* MJPhotoBrowser.bundle in Resources */,
				EE26EF861C5B41CE0063C6A6 /* MBProgressHUD.bundle in Resources */,
			);
			runOnlyForDeploymentPostprocessing = 0;
		};
		EE29EEB21C4B643200CA667F /* Resources */ = {
			isa = PBXResourcesBuildPhase;
			buildActionMask = 2147483647;
			files = (
			);
			runOnlyForDeploymentPostprocessing = 0;
		};
		EE29EEBD1C4B643200CA667F /* Resources */ = {
			isa = PBXResourcesBuildPhase;
			buildActionMask = 2147483647;
			files = (
			);
			runOnlyForDeploymentPostprocessing = 0;
		};
/* End PBXResourcesBuildPhase section */

/* Begin PBXSourcesBuildPhase section */
		EE29EE9C1C4B643200CA667F /* Sources */ = {
			isa = PBXSourcesBuildPhase;
			buildActionMask = 2147483647;
			files = (
				EE61C51B1C58B8AB00ABD45A /* Constants.swift in Sources */,
				EE26EFA61C5B46890063C6A6 /* MJPhoto.m in Sources */,
				EE26EFAD1C5B46890063C6A6 /* SDWebImageManager+MJ.m in Sources */,
				EE29EEDD1C4B70A200CA667F /* YUBadgeButton.swift in Sources */,
				EE26EF851C5B41CE0063C6A6 /* MBProgressHUD+MJ.m in Sources */,
				EE22002C1C5201780021FFE1 /* YUStatusToolbar.swift in Sources */,
				EE29EED61C4B658E00CA667F /* YUTabBarViewController.swift in Sources */,
				EE29EEDB1C4B69D700CA667F /* YUTabBarButton.swift in Sources */,
				EE26EFAA1C5B46890063C6A6 /* MJPhotoProgressView.m in Sources */,
				EE26EFA91C5B46890063C6A6 /* MJPhotoLoadingView.m in Sources */,
				EE26EFA81C5B46890063C6A6 /* MJPhotoBrowser.m in Sources */,
				EE26EF871C5B41CE0063C6A6 /* MBProgressHUD.m in Sources */,
				EE26EFE11C5B516B0063C6A6 /* UIView+WebCacheOperation.m in Sources */,
				EE26EFAF1C5B48E60063C6A6 /* YUPhotoView.swift in Sources */,
				EE26EFD61C5B516B0063C6A6 /* SDWebImageDecoder.m in Sources */,
				EE2200381C5257950021FFE1 /* YUStatusTopView.swift in Sources */,
				EE26EFD91C5B516B0063C6A6 /* SDWebImageManager.m in Sources */,
				EE19E5C01C50B2B000A40B2E /* YUStatusCell.swift in Sources */,
				EE26EFAB1C5B46890063C6A6 /* MJPhotoToolbar.m in Sources */,
				EE26EFDF1C5B516B0063C6A6 /* UIImageView+HighlightedWebCache.m in Sources */,
				EE26EFDC1C5B516B0063C6A6 /* UIImage+GIF.m in Sources */,
				EE26EF7E1C5B33060063C6A6 /* YUComposeViewController.swift in Sources */,
				EE19E5BC1C507C0D00A40B2E /* FrameModel.swift in Sources */,
				EE26EFD41C5B516B0063C6A6 /* SDImageCache.m in Sources */,
				EE26EFD21C5B516B0063C6A6 /* MKAnnotationView+WebCache.m in Sources */,
				EE26EFD81C5B516B0063C6A6 /* SDWebImageDownloaderOperation.m in Sources */,
				EE6056E01C4E7D500089A04C /* Tool.swift in Sources */,
				EE29EEA41C4B643200CA667F /* AppDelegate.swift in Sources */,
				EE26EFDB1C5B516B0063C6A6 /* UIButton+WebCache.m in Sources */,
				EE29EEE51C4B81E200CA667F /* YUMessageViewController.swift in Sources */,
				EE26EFD71C5B516B0063C6A6 /* SDWebImageDownloader.m in Sources */,
				EE26EFD31C5B516B0063C6A6 /* NSData+ImageContentType.m in Sources */,
				EE6056DE1C4E77020089A04C /* DataModel.swift in Sources */,
				EE29EEE91C4B822C00CA667F /* YUDiscoverViewController.swift in Sources */,
				EE29EEED1C4B825A00CA667F /* YUMeViewController.swift in Sources */,
				EE26EFDE1C5B516B0063C6A6 /* UIImage+WebP.m in Sources */,
				EE29EED81C4B676D00CA667F /* YUTabBar.swift in Sources */,
				EE26EFAC1C5B46890063C6A6 /* MJPhotoView.m in Sources */,
				EE26EFDA1C5B516B0063C6A6 /* SDWebImagePrefetcher.m in Sources */,
				EE26EFDD1C5B516B0063C6A6 /* UIImage+MultiFormat.m in Sources */,
				EE26EFD51C5B516B0063C6A6 /* SDWebImageCompat.m in Sources */,
				EE35A1EA1C4D076300B721BA /* YUTitleButton.swift in Sources */,
				EEE780851C4F7DF400C4D905 /* Extensions.swift in Sources */,
				EE26EF711C5B2B0F0063C6A6 /* YUTextView.swift in Sources */,
				EEF0B3521C4E64AA000BD306 /* YUOAuthViewController.swift in Sources */,
				EE29EEE11C4B81AF00CA667F /* YUHomeViewController.swift in Sources */,
				EE35A1E71C4CF07500B721BA /* YUNavigationController.swift in Sources */,
				EE26EFE01C5B516B0063C6A6 /* UIImageView+WebCache.m in Sources */,
				EE1FA7DD1C4D1660009B7C30 /* YUNewFeatureController.swift in Sources */,
				EE2AAA6C1C54773C00EEE796 /* YUPhotoListView.swift in Sources */,
			);
			runOnlyForDeploymentPostprocessing = 0;
		};
		EE29EEB01C4B643200CA667F /* Sources */ = {
			isa = PBXSourcesBuildPhase;
			buildActionMask = 2147483647;
			files = (
				EE29EEB91C4B643200CA667F /* Yu3Weibo_SwiftTests.swift in Sources */,
			);
			runOnlyForDeploymentPostprocessing = 0;
		};
		EE29EEBB1C4B643200CA667F /* Sources */ = {
			isa = PBXSourcesBuildPhase;
			buildActionMask = 2147483647;
			files = (
				EE29EEC41C4B643200CA667F /* Yu3Weibo_SwiftUITests.swift in Sources */,
			);
			runOnlyForDeploymentPostprocessing = 0;
		};
/* End PBXSourcesBuildPhase section */

/* Begin PBXTargetDependency section */
		EE0F260C1C57C25E00A6519C /* PBXTargetDependency */ = {
			isa = PBXTargetDependency;
			name = ZLSwiftRefresh;
			targetProxy = EE0F260B1C57C25E00A6519C /* PBXContainerItemProxy */;
		};
		EE29EEB61C4B643200CA667F /* PBXTargetDependency */ = {
			isa = PBXTargetDependency;
			target = EE29EE9F1C4B643200CA667F /* Yu3Weibo-Swift */;
			targetProxy = EE29EEB51C4B643200CA667F /* PBXContainerItemProxy */;
		};
		EE29EEC11C4B643200CA667F /* PBXTargetDependency */ = {
			isa = PBXTargetDependency;
			target = EE29EE9F1C4B643200CA667F /* Yu3Weibo-Swift */;
			targetProxy = EE29EEC01C4B643200CA667F /* PBXContainerItemProxy */;
		};
		EE60568B1C4E6CF60089A04C /* PBXTargetDependency */ = {
			isa = PBXTargetDependency;
			name = "Alamofire iOS";
			targetProxy = EE60568A1C4E6CF60089A04C /* PBXContainerItemProxy */;
		};
		EEE780831C4F7BA900C4D905 /* PBXTargetDependency */ = {
			isa = PBXTargetDependency;
			name = Kingfisher;
			targetProxy = EEE780821C4F7BA900C4D905 /* PBXContainerItemProxy */;
		};
/* End PBXTargetDependency section */

/* Begin PBXVariantGroup section */
		EE29EEAC1C4B643200CA667F /* LaunchScreen.storyboard */ = {
			isa = PBXVariantGroup;
			children = (
				EE29EEAD1C4B643200CA667F /* Base */,
			);
			name = LaunchScreen.storyboard;
			sourceTree = "<group>";
		};
/* End PBXVariantGroup section */

/* Begin XCBuildConfiguration section */
		EE29EEC61C4B643200CA667F /* Debug */ = {
			isa = XCBuildConfiguration;
			buildSettings = {
				ALWAYS_SEARCH_USER_PATHS = NO;
				CLANG_CXX_LANGUAGE_STANDARD = "gnu++0x";
				CLANG_CXX_LIBRARY = "libc++";
				CLANG_ENABLE_MODULES = YES;
				CLANG_ENABLE_OBJC_ARC = YES;
				CLANG_WARN_BOOL_CONVERSION = YES;
				CLANG_WARN_CONSTANT_CONVERSION = YES;
				CLANG_WARN_DIRECT_OBJC_ISA_USAGE = YES_ERROR;
				CLANG_WARN_EMPTY_BODY = YES;
				CLANG_WARN_ENUM_CONVERSION = YES;
				CLANG_WARN_INT_CONVERSION = YES;
				CLANG_WARN_OBJC_ROOT_CLASS = YES_ERROR;
				CLANG_WARN_UNREACHABLE_CODE = YES;
				CLANG_WARN__DUPLICATE_METHOD_MATCH = YES;
				"CODE_SIGN_IDENTITY[sdk=iphoneos*]" = "iPhone Developer";
				COPY_PHASE_STRIP = NO;
				DEBUG_INFORMATION_FORMAT = dwarf;
				ENABLE_STRICT_OBJC_MSGSEND = YES;
				ENABLE_TESTABILITY = YES;
				GCC_C_LANGUAGE_STANDARD = gnu99;
				GCC_DYNAMIC_NO_PIC = NO;
				GCC_NO_COMMON_BLOCKS = YES;
				GCC_OPTIMIZATION_LEVEL = 0;
				GCC_PREPROCESSOR_DEFINITIONS = (
					"DEBUG=1",
					"$(inherited)",
				);
				GCC_WARN_64_TO_32_BIT_CONVERSION = YES;
				GCC_WARN_ABOUT_RETURN_TYPE = YES_ERROR;
				GCC_WARN_UNDECLARED_SELECTOR = YES;
				GCC_WARN_UNINITIALIZED_AUTOS = YES_AGGRESSIVE;
				GCC_WARN_UNUSED_FUNCTION = YES;
				GCC_WARN_UNUSED_VARIABLE = YES;
				IPHONEOS_DEPLOYMENT_TARGET = 9.2;
				MTL_ENABLE_DEBUG_INFO = YES;
				ONLY_ACTIVE_ARCH = YES;
				SDKROOT = iphoneos;
				SWIFT_OPTIMIZATION_LEVEL = "-Onone";
				TARGETED_DEVICE_FAMILY = "1,2";
			};
			name = Debug;
		};
		EE29EEC71C4B643200CA667F /* Release */ = {
			isa = XCBuildConfiguration;
			buildSettings = {
				ALWAYS_SEARCH_USER_PATHS = NO;
				CLANG_CXX_LANGUAGE_STANDARD = "gnu++0x";
				CLANG_CXX_LIBRARY = "libc++";
				CLANG_ENABLE_MODULES = YES;
				CLANG_ENABLE_OBJC_ARC = YES;
				CLANG_WARN_BOOL_CONVERSION = YES;
				CLANG_WARN_CONSTANT_CONVERSION = YES;
				CLANG_WARN_DIRECT_OBJC_ISA_USAGE = YES_ERROR;
				CLANG_WARN_EMPTY_BODY = YES;
				CLANG_WARN_ENUM_CONVERSION = YES;
				CLANG_WARN_INT_CONVERSION = YES;
				CLANG_WARN_OBJC_ROOT_CLASS = YES_ERROR;
				CLANG_WARN_UNREACHABLE_CODE = YES;
				CLANG_WARN__DUPLICATE_METHOD_MATCH = YES;
				"CODE_SIGN_IDENTITY[sdk=iphoneos*]" = "iPhone Developer";
				COPY_PHASE_STRIP = NO;
				DEBUG_INFORMATION_FORMAT = "dwarf-with-dsym";
				ENABLE_NS_ASSERTIONS = NO;
				ENABLE_STRICT_OBJC_MSGSEND = YES;
				GCC_C_LANGUAGE_STANDARD = gnu99;
				GCC_NO_COMMON_BLOCKS = YES;
				GCC_WARN_64_TO_32_BIT_CONVERSION = YES;
				GCC_WARN_ABOUT_RETURN_TYPE = YES_ERROR;
				GCC_WARN_UNDECLARED_SELECTOR = YES;
				GCC_WARN_UNINITIALIZED_AUTOS = YES_AGGRESSIVE;
				GCC_WARN_UNUSED_FUNCTION = YES;
				GCC_WARN_UNUSED_VARIABLE = YES;
				IPHONEOS_DEPLOYMENT_TARGET = 9.2;
				MTL_ENABLE_DEBUG_INFO = NO;
				SDKROOT = iphoneos;
				TARGETED_DEVICE_FAMILY = "1,2";
				VALIDATE_PRODUCT = YES;
			};
			name = Release;
		};
		EE29EEC91C4B643200CA667F /* Debug */ = {
			isa = XCBuildConfiguration;
			buildSettings = {
				ASSETCATALOG_COMPILER_APPICON_NAME = AppIcon;
				EMBEDDED_CONTENT_CONTAINS_SWIFT = YES;
				INFOPLIST_FILE = "Yu3Weibo-Swift/Info.plist";
				LD_RUNPATH_SEARCH_PATHS = "$(inherited) @executable_path/Frameworks";
				PRODUCT_BUNDLE_IDENTIFIER = "cn.yu3.Yu3Weibo-Swift";
				PRODUCT_NAME = "$(TARGET_NAME)";
				SWIFT_OBJC_BRIDGING_HEADER = "/Users/yu3/Desktop/项目实战/Yu3Weibo-Swift/Yu3Weibo-Swift/YueWeibo-Swift-Bridging-Header.h";
			};
			name = Debug;
		};
		EE29EECA1C4B643200CA667F /* Release */ = {
			isa = XCBuildConfiguration;
			buildSettings = {
				ASSETCATALOG_COMPILER_APPICON_NAME = AppIcon;
				EMBEDDED_CONTENT_CONTAINS_SWIFT = YES;
				INFOPLIST_FILE = "Yu3Weibo-Swift/Info.plist";
				LD_RUNPATH_SEARCH_PATHS = "$(inherited) @executable_path/Frameworks";
				PRODUCT_BUNDLE_IDENTIFIER = "cn.yu3.Yu3Weibo-Swift";
				PRODUCT_NAME = "$(TARGET_NAME)";
				SWIFT_OBJC_BRIDGING_HEADER = "/Users/yu3/Desktop/项目实战/Yu3Weibo-Swift/Yu3Weibo-Swift/YueWeibo-Swift-Bridging-Header.h";
			};
			name = Release;
		};
		EE29EECC1C4B643200CA667F /* Debug */ = {
			isa = XCBuildConfiguration;
			buildSettings = {
				BUNDLE_LOADER = "$(TEST_HOST)";
				INFOPLIST_FILE = "Yu3Weibo-SwiftTests/Info.plist";
				LD_RUNPATH_SEARCH_PATHS = "$(inherited) @executable_path/Frameworks @loader_path/Frameworks";
				PRODUCT_BUNDLE_IDENTIFIER = "cn.yu3.Yu3Weibo-SwiftTests";
				PRODUCT_NAME = "$(TARGET_NAME)";
				TEST_HOST = "$(BUILT_PRODUCTS_DIR)/Yu3Weibo-Swift.app/Yu3Weibo-Swift";
			};
			name = Debug;
		};
		EE29EECD1C4B643200CA667F /* Release */ = {
			isa = XCBuildConfiguration;
			buildSettings = {
				BUNDLE_LOADER = "$(TEST_HOST)";
				INFOPLIST_FILE = "Yu3Weibo-SwiftTests/Info.plist";
				LD_RUNPATH_SEARCH_PATHS = "$(inherited) @executable_path/Frameworks @loader_path/Frameworks";
				PRODUCT_BUNDLE_IDENTIFIER = "cn.yu3.Yu3Weibo-SwiftTests";
				PRODUCT_NAME = "$(TARGET_NAME)";
				TEST_HOST = "$(BUILT_PRODUCTS_DIR)/Yu3Weibo-Swift.app/Yu3Weibo-Swift";
			};
			name = Release;
		};
		EE29EECF1C4B643200CA667F /* Debug */ = {
			isa = XCBuildConfiguration;
			buildSettings = {
				INFOPLIST_FILE = "Yu3Weibo-SwiftUITests/Info.plist";
				LD_RUNPATH_SEARCH_PATHS = "$(inherited) @executable_path/Frameworks @loader_path/Frameworks";
				PRODUCT_BUNDLE_IDENTIFIER = "cn.yu3.Yu3Weibo-SwiftUITests";
				PRODUCT_NAME = "$(TARGET_NAME)";
				TEST_TARGET_NAME = "Yu3Weibo-Swift";
				USES_XCTRUNNER = YES;
			};
			name = Debug;
		};
		EE29EED01C4B643200CA667F /* Release */ = {
			isa = XCBuildConfiguration;
			buildSettings = {
				INFOPLIST_FILE = "Yu3Weibo-SwiftUITests/Info.plist";
				LD_RUNPATH_SEARCH_PATHS = "$(inherited) @executable_path/Frameworks @loader_path/Frameworks";
				PRODUCT_BUNDLE_IDENTIFIER = "cn.yu3.Yu3Weibo-SwiftUITests";
				PRODUCT_NAME = "$(TARGET_NAME)";
				TEST_TARGET_NAME = "Yu3Weibo-Swift";
				USES_XCTRUNNER = YES;
			};
			name = Release;
		};
/* End XCBuildConfiguration section */

/* Begin XCConfigurationList section */
		EE29EE9B1C4B643200CA667F /* Build configuration list for PBXProject "Yu3Weibo-Swift" */ = {
			isa = XCConfigurationList;
			buildConfigurations = (
				EE29EEC61C4B643200CA667F /* Debug */,
				EE29EEC71C4B643200CA667F /* Release */,
			);
			defaultConfigurationIsVisible = 0;
			defaultConfigurationName = Release;
		};
		EE29EEC81C4B643200CA667F /* Build configuration list for PBXNativeTarget "Yu3Weibo-Swift" */ = {
			isa = XCConfigurationList;
			buildConfigurations = (
				EE29EEC91C4B643200CA667F /* Debug */,
				EE29EECA1C4B643200CA667F /* Release */,
			);
			defaultConfigurationIsVisible = 0;
			defaultConfigurationName = Release;
		};
		EE29EECB1C4B643200CA667F /* Build configuration list for PBXNativeTarget "Yu3Weibo-SwiftTests" */ = {
			isa = XCConfigurationList;
			buildConfigurations = (
				EE29EECC1C4B643200CA667F /* Debug */,
				EE29EECD1C4B643200CA667F /* Release */,
			);
			defaultConfigurationIsVisible = 0;
			defaultConfigurationName = Release;
		};
		EE29EECE1C4B643200CA667F /* Build configuration list for PBXNativeTarget "Yu3Weibo-SwiftUITests" */ = {
			isa = XCConfigurationList;
			buildConfigurations = (
				EE29EECF1C4B643200CA667F /* Debug */,
				EE29EED01C4B643200CA667F /* Release */,
			);
			defaultConfigurationIsVisible = 0;
			defaultConfigurationName = Release;
		};
/* End XCConfigurationList section */
	};
	rootObject = EE29EE981C4B643200CA667F /* Project object */;
}
